
Microsoft Visual Studio Solution File, Format Version 12.00
# Visual Studio Version 17
VisualStudioVersion = 17.0.32014.148
MinimumVisualStudioVersion = 10.0.40219.1
Project("{2150E333-8FDC-42A3-9474-1A3956D46DE8}") = ".build", ".build", "{994030E3-29A9-4AC6-B32F-AEAFD3245C9B}"
	ProjectSection(SolutionItems) = preProject
		..\build\AzurePipeline.yaml = ..\build\AzurePipeline.yaml
		..\build\AzurePipelineProduction.yaml = ..\build\AzurePipelineProduction.yaml
	EndProjectSection
EndProject
Project("{2150E333-8FDC-42A3-9474-1A3956D46DE8}") = ".documents", ".documents", "{A9C532ED-8590-47F2-8F74-29CA541F5BBA}"
	ProjectSection(SolutionItems) = preProject
		..\docs\basics\ConnectorCapabilities.md = ..\docs\basics\ConnectorCapabilities.md
		..\README.md = ..\README.md
		..\docs\basics\TestRailConfiguration.md = ..\docs\basics\TestRailConfiguration.md
	EndProjectSection
EndProject
Project("{2150E333-8FDC-42A3-9474-1A3956D46DE8}") = ".test", ".test", "{34C08C29-83DD-4544-8EDD-7E4F7091AA62}"
	ProjectSection(SolutionItems) = preProject
		..\test\SettingsMsTest.runsettings = ..\test\SettingsMsTest.runsettings
	EndProjectSection
EndProject
Project("{9A19103F-16F7-4668-BE54-9A1E7A4F7556}") = "Rhino.Connectors.Gurock", "Rhino.Connectors.Gurock\Rhino.Connectors.Gurock.csproj", "{209FD941-1636-462E-8313-9925A79065EE}"
EndProject
Project("{9A19103F-16F7-4668-BE54-9A1E7A4F7556}") = "Rhino.Connectors.Gurock.UnitTests", "Rhino.Connectors.Gurock.UnitTests\Rhino.Connectors.Gurock.UnitTests.csproj", "{1AFD10D6-AAED-41AB-AE9C-C1E767A19E1D}"
EndProject
Project("{9A19103F-16F7-4668-BE54-9A1E7A4F7556}") = "Rhino.Connectors.GurockClients", "Rhino.Connectors.GurockClients\Rhino.Connectors.GurockClients.csproj", "{632596CA-AE72-4EF7-9175-A64E30759921}"
EndProject
Project("{2150E333-8FDC-42A3-9474-1A3956D46DE8}") = ".git", ".git", "{E6E13402-F054-419A-B6CA-5FC222127415}"
	ProjectSection(SolutionItems) = preProject
		..\.gitignore = ..\.gitignore
		..\LICENSE = ..\LICENSE
	EndProjectSection
EndProject
Global
	GlobalSection(SolutionConfigurationPlatforms) = preSolution
		Debug|Any CPU = Debug|Any CPU
		Release|Any CPU = Release|Any CPU
	EndGlobalSection
	GlobalSection(ProjectConfigurationPlatforms) = postSolution
		{209FD941-1636-462E-8313-9925A79065EE}.Debug|Any CPU.ActiveCfg = Debug|Any CPU
		{209FD941-1636-462E-8313-9925A79065EE}.Debug|Any CPU.Build.0 = Debug|Any CPU
		{209FD941-1636-462E-8313-9925A79065EE}.Release|Any CPU.ActiveCfg = Release|Any CPU
		{209FD941-1636-462E-8313-9925A79065EE}.Release|Any CPU.Build.0 = Release|Any CPU
		{1AFD10D6-AAED-41AB-AE9C-C1E767A19E1D}.Debug|Any CPU.ActiveCfg = Debug|Any CPU
		{1AFD10D6-AAED-41AB-AE9C-C1E767A19E1D}.Debug|Any CPU.Build.0 = Debug|Any CPU
		{1AFD10D6-AAED-41AB-AE9C-C1E767A19E1D}.Release|Any CPU.ActiveCfg = Release|Any CPU
		{1AFD10D6-AAED-41AB-AE9C-C1E767A19E1D}.Release|Any CPU.Build.0 = Release|Any CPU
		{632596CA-AE72-4EF7-9175-A64E30759921}.Debug|Any CPU.ActiveCfg = Debug|Any CPU
		{632596CA-AE72-4EF7-9175-A64E30759921}.Debug|Any CPU.Build.0 = Debug|Any CPU
		{632596CA-AE72-4EF7-9175-A64E30759921}.Release|Any CPU.ActiveCfg = Release|Any CPU
		{632596CA-AE72-4EF7-9175-A64E30759921}.Release|Any CPU.Build.0 = Release|Any CPU
	EndGlobalSection
	GlobalSection(SolutionProperties) = preSolution
		HideSolutionNode = FALSE
	EndGlobalSection
	GlobalSection(ExtensibilityGlobals) = postSolution
		SolutionGuid = {1DEB57A4-2022-4372-B387-77F46880EAFD}
	EndGlobalSection
EndGlobal
